
Microsoft Visual Studio Solution File, Format Version 12.00
# Visual Studio Version 16
VisualStudioVersion = 16.0.28803.202
MinimumVisualStudioVersion = 10.0.40219.1
Project("{FAE04EC0-301F-11D3-BF4B-00C04F79EFBC}") = "Agentes", "Agentes\Agentes.csproj", "{621701CC-0FA6-4BD9-93B0-C91BEFACD616}"
EndProject
Global
	GlobalSection(SolutionConfigurationPlatforms) = preSolution
		Debug|Any CPU = Debug|Any CPU
		Release|Any CPU = Release|Any CPU
	EndGlobalSection
	GlobalSection(ProjectConfigurationPlatforms) = postSolution
		{621701CC-0FA6-4BD9-93B0-C91BEFACD616}.Debug|Any CPU.ActiveCfg = Debug|Any CPU
		{621701CC-0FA6-4BD9-93B0-C91BEFACD616}.Debug|Any CPU.Build.0 = Debug|Any CPU
		{621701CC-0FA6-4BD9-93B0-C91BEFACD616}.Release|Any CPU.ActiveCfg = Release|Any CPU
		{621701CC-0FA6-4BD9-93B0-C91BEFACD616}.Release|Any CPU.Build.0 = Release|Any CPU
	EndGlobalSection
	GlobalSection(SolutionProperties) = preSolution
		HideSolutionNode = FALSE
	EndGlobalSection
	GlobalSection(ExtensibilityGlobals) = postSolution
		SolutionGuid = {00F5EA90-DAA9-49A2-9A2F-CA35C1B20A90}
	EndGlobalSection
EndGlobal
